// !$*UTF8*$!
{
	archiveVersion = 1;
	classes = {
	};
	objectVersion = 46;
	objects = {

/* Begin PBXBuildFile section */
		7B19691D1D6B406400108B4A /* DDInfo.m in Sources */ = {isa = PBXBuildFile; fileRef = 7B19691B1D6B406400108B4A /* DDInfo.m */; };
		7B1969201D6DEC0000108B4A /* MessageCell.xib in Resources */ = {isa = PBXBuildFile; fileRef = 7B19691F1D6DEC0000108B4A /* MessageCell.xib */; };
		7B1969231D6DEC1700108B4A /* MessageCell.m in Sources */ = {isa = PBXBuildFile; fileRef = 7B1969221D6DEC1700108B4A /* MessageCell.m */; };
		7B1969251D6DECA500108B4A /* notice.png in Resources */ = {isa = PBXBuildFile; fileRef = 7B1969241D6DECA500108B4A /* notice.png */; };
		7B318E1E1D63573A002A9B59 /* phonebookcell.xib in Resources */ = {isa = PBXBuildFile; fileRef = 7B318E1D1D63573A002A9B59 /* phonebookcell.xib */; };
		7B318E211D6357D0002A9B59 /* PhoneBookCell.m in Sources */ = {isa = PBXBuildFile; fileRef = 7B318E201D6357D0002A9B59 /* PhoneBookCell.m */; };
		7B35E6961D66064000E81267 /* libMQTTKit.a in Frameworks */ = {isa = PBXBuildFile; fileRef = 7B35E6941D66064000E81267 /* libMQTTKit.a */; };
		7B40251E1DABC75A00403B0A /* chat_right_text_cell.xib in Resources */ = {isa = PBXBuildFile; fileRef = 7B40251D1DABC75A00403B0A /* chat_right_text_cell.xib */; };
		7B4025211DABC77A00403B0A /* ChatTextRightCell.m in Sources */ = {isa = PBXBuildFile; fileRef = 7B4025201DABC77A00403B0A /* ChatTextRightCell.m */; };
		7B4025261DABD2F800403B0A /* ChatLog+CoreDataClass.m in Sources */ = {isa = PBXBuildFile; fileRef = 7B4025231DABD2F800403B0A /* ChatLog+CoreDataClass.m */; };
		7B4058191D3E70AA002A5068 /* MBProgressHUD.m in Sources */ = {isa = PBXBuildFile; fileRef = 7B4058171D3E70AA002A5068 /* MBProgressHUD.m */; };
		7B7026411D957EA800C04011 /* BaiduMapAPI_Base.framework in Frameworks */ = {isa = PBXBuildFile; fileRef = 7B70263A1D957EA800C04011 /* BaiduMapAPI_Base.framework */; };
		7B7026421D957EA800C04011 /* BaiduMapAPI_Cloud.framework in Frameworks */ = {isa = PBXBuildFile; fileRef = 7B70263B1D957EA800C04011 /* BaiduMapAPI_Cloud.framework */; };
		7B7026431D957EA800C04011 /* BaiduMapAPI_Location.framework in Frameworks */ = {isa = PBXBuildFile; fileRef = 7B70263C1D957EA800C04011 /* BaiduMapAPI_Location.framework */; };
		7B7026441D957EA800C04011 /* BaiduMapAPI_Map.framework in Frameworks */ = {isa = PBXBuildFile; fileRef = 7B70263D1D957EA800C04011 /* BaiduMapAPI_Map.framework */; };
		7B7026451D957EA800C04011 /* BaiduMapAPI_Radar.framework in Frameworks */ = {isa = PBXBuildFile; fileRef = 7B70263E1D957EA800C04011 /* BaiduMapAPI_Radar.framework */; };
		7B7026461D957EA800C04011 /* BaiduMapAPI_Search.framework in Frameworks */ = {isa = PBXBuildFile; fileRef = 7B70263F1D957EA800C04011 /* BaiduMapAPI_Search.framework */; };
		7B7026471D957EA800C04011 /* BaiduMapAPI_Utils.framework in Frameworks */ = {isa = PBXBuildFile; fileRef = 7B7026401D957EA800C04011 /* BaiduMapAPI_Utils.framework */; };
		7B7026491D957F2600C04011 /* mapapi.bundle in Resources */ = {isa = PBXBuildFile; fileRef = 7B7026481D957F2600C04011 /* mapapi.bundle */; };
		7B70264C1D957FFA00C04011 /* CoreLocation.framework in Frameworks */ = {isa = PBXBuildFile; fileRef = 7B70264B1D957FFA00C04011 /* CoreLocation.framework */; };
		7B70264E1D95800900C04011 /* QuartzCore.framework in Frameworks */ = {isa = PBXBuildFile; fileRef = 7B70264D1D95800900C04011 /* QuartzCore.framework */; };
		7B7026501D95801300C04011 /* OpenGLES.framework in Frameworks */ = {isa = PBXBuildFile; fileRef = 7B70264F1D95801300C04011 /* OpenGLES.framework */; };
		7B7026521D95802100C04011 /* SystemConfiguration.framework in Frameworks */ = {isa = PBXBuildFile; fileRef = 7B7026511D95802100C04011 /* SystemConfiguration.framework */; };
		7B7026541D95802C00C04011 /* CoreGraphics.framework in Frameworks */ = {isa = PBXBuildFile; fileRef = 7B7026531D95802C00C04011 /* CoreGraphics.framework */; };
		7B7026561D95803B00C04011 /* Security.framework in Frameworks */ = {isa = PBXBuildFile; fileRef = 7B7026551D95803B00C04011 /* Security.framework */; };
		7B7026581D95804700C04011 /* libsqlite3.0.tbd in Frameworks */ = {isa = PBXBuildFile; fileRef = 7B7026571D95804700C04011 /* libsqlite3.0.tbd */; };
		7B70265A1D95805300C04011 /* CoreTelephony.framework in Frameworks */ = {isa = PBXBuildFile; fileRef = 7B7026591D95805300C04011 /* CoreTelephony.framework */; };
		7B70265C1D95806500C04011 /* libstdc++.6.0.9.tbd in Frameworks */ = {isa = PBXBuildFile; fileRef = 7B70265B1D95806500C04011 /* libstdc++.6.0.9.tbd */; };
		7B89D93B1D676FB5000D712D /* MQTTServer.m in Sources */ = {isa = PBXBuildFile; fileRef = 7B89D93A1D676FB5000D712D /* MQTTServer.m */; };
		7B89D93E1D688B20000D712D /* MessageViewContoller.m in Sources */ = {isa = PBXBuildFile; fileRef = 7B89D93D1D688B20000D712D /* MessageViewContoller.m */; };
		7B89D9441D68951C000D712D /* FTPopOverMenu.m in Sources */ = {isa = PBXBuildFile; fileRef = 7B89D9431D68951C000D712D /* FTPopOverMenu.m */; };
		7B89D9461D68960D000D712D /* publishjd.png in Resources */ = {isa = PBXBuildFile; fileRef = 7B89D9451D68960D000D712D /* publishjd.png */; };
		7B89D9481D68961D000D712D /* historyjd.png in Resources */ = {isa = PBXBuildFile; fileRef = 7B89D9471D68961D000D712D /* historyjd.png */; };
		7B89D94B1D69E3EB000D712D /* PublishViewController.m in Sources */ = {isa = PBXBuildFile; fileRef = 7B89D94A1D69E3EB000D712D /* PublishViewController.m */; };
		7BA75ACE1D8AC3EF00A2B1C8 /* NotificationController.m in Sources */ = {isa = PBXBuildFile; fileRef = 7BA75ACD1D8AC3EF00A2B1C8 /* NotificationController.m */; };
		7BA75AD01D8C390400A2B1C8 /* t7.png in Resources */ = {isa = PBXBuildFile; fileRef = 7BA75ACF1D8C390400A2B1C8 /* t7.png */; };
		7BA75AD21D8C3EC500A2B1C8 /* t5.png in Resources */ = {isa = PBXBuildFile; fileRef = 7BA75AD11D8C3EC500A2B1C8 /* t5.png */; };
		7BA75AD51D8C3EDB00A2B1C8 /* ChatViewController.m in Sources */ = {isa = PBXBuildFile; fileRef = 7BA75AD41D8C3EDB00A2B1C8 /* ChatViewController.m */; };
		7BAE28A71D996328008AF612 /* chatleft_text_cell.xib in Resources */ = {isa = PBXBuildFile; fileRef = 7BAE28A61D996328008AF612 /* chatleft_text_cell.xib */; };
		7BAE28AA1D9965B5008AF612 /* ChatTextLeftCell.m in Sources */ = {isa = PBXBuildFile; fileRef = 7BAE28A91D9965B5008AF612 /* ChatTextLeftCell.m */; };
		7BAE28AD1D9AA7B8008AF612 /* chat_right.png in Resources */ = {isa = PBXBuildFile; fileRef = 7BAE28AB1D9AA7B8008AF612 /* chat_right.png */; };
		7BAE28AE1D9AA7B8008AF612 /* chat_left.png in Resources */ = {isa = PBXBuildFile; fileRef = 7BAE28AC1D9AA7B8008AF612 /* chat_left.png */; };
		7BB56DEE1D5F2E3B002C80A3 /* default_avatar.png in Resources */ = {isa = PBXBuildFile; fileRef = 7BB56DED1D5F2E3A002C80A3 /* default_avatar.png */; };
		7BB56DF21D5F3A5B002C80A3 /* db.xcdatamodeld in Sources */ = {isa = PBXBuildFile; fileRef = 7BB56DF01D5F3A5B002C80A3 /* db.xcdatamodeld */; };
		7BB56DF51D5F3A90002C80A3 /* DBmanger.m in Sources */ = {isa = PBXBuildFile; fileRef = 7BB56DF41D5F3A90002C80A3 /* DBmanger.m */; };
		7BB56E071D5F3D6A002C80A3 /* Department.m in Sources */ = {isa = PBXBuildFile; fileRef = 7BB56E051D5F3D6A002C80A3 /* Department.m */; };
		7BB56E0D1D5F45F4002C80A3 /* Contacts.m in Sources */ = {isa = PBXBuildFile; fileRef = 7BB56E0B1D5F45F4002C80A3 /* Contacts.m */; };
		7BB56E101D5F5986002C80A3 /* ContactsController.m in Sources */ = {isa = PBXBuildFile; fileRef = 7BB56E0F1D5F5986002C80A3 /* ContactsController.m */; };
		7BB56E131D5F5A1C002C80A3 /* PhoneBookController.m in Sources */ = {isa = PBXBuildFile; fileRef = 7BB56E121D5F5A1C002C80A3 /* PhoneBookController.m */; };
		7BDE1C501D842B39004F2CCB /* AppoverViewController.m in Sources */ = {isa = PBXBuildFile; fileRef = 7BDE1C4F1D842B39004F2CCB /* AppoverViewController.m */; };
		7BDE1C531D843592004F2CCB /* JDDeltalViewController.m in Sources */ = {isa = PBXBuildFile; fileRef = 7BDE1C521D843592004F2CCB /* JDDeltalViewController.m */; };
		7BF398141D5CC1DE004CDFE8 /* splash.jpg in Resources */ = {isa = PBXBuildFile; fileRef = 7BF398131D5CC1DE004CDFE8 /* splash.jpg */; };
		7BF73D701D86EA0F0089B050 /* sp_no.png in Resources */ = {isa = PBXBuildFile; fileRef = 7BF73D6E1D86EA0F0089B050 /* sp_no.png */; };
		7BF73D711D86EA0F0089B050 /* sp_ok.png in Resources */ = {isa = PBXBuildFile; fileRef = 7BF73D6F1D86EA0F0089B050 /* sp_ok.png */; };
		7BF75B741D75C73D00CB03A2 /* aay.png in Resources */ = {isa = PBXBuildFile; fileRef = 7BF75B731D75C73D00CB03A2 /* aay.png */; };
		7BF75B761D77188800CB03A2 /* publishrecordcell.xib in Resources */ = {isa = PBXBuildFile; fileRef = 7BF75B751D77188800CB03A2 /* publishrecordcell.xib */; };
		7BF75B781D7718C900CB03A2 /* record.png in Resources */ = {isa = PBXBuildFile; fileRef = 7BF75B771D7718C900CB03A2 /* record.png */; };
		7BF75B7A1D771A4000CB03A2 /* record_start.png in Resources */ = {isa = PBXBuildFile; fileRef = 7BF75B791D771A4000CB03A2 /* record_start.png */; };
		7BF75B7D1D771AA700CB03A2 /* PublishRecordCell.m in Sources */ = {isa = PBXBuildFile; fileRef = 7BF75B7C1D771AA700CB03A2 /* PublishRecordCell.m */; };
		7BF75B7F1D771B8700CB03A2 /* play.png in Resources */ = {isa = PBXBuildFile; fileRef = 7BF75B7E1D771B8700CB03A2 /* play.png */; };
		7BF75B811D771BAC00CB03A2 /* stop.png in Resources */ = {isa = PBXBuildFile; fileRef = 7BF75B801D771BAC00CB03A2 /* stop.png */; };
		7BF75B831D771BE700CB03A2 /* pause.png in Resources */ = {isa = PBXBuildFile; fileRef = 7BF75B821D771BE700CB03A2 /* pause.png */; };
		7BF75B851D771C3700CB03A2 /* publishcell.xib in Resources */ = {isa = PBXBuildFile; fileRef = 7BF75B841D771C3700CB03A2 /* publishcell.xib */; };
		7BF75B881D771D4B00CB03A2 /* PublishCell.m in Sources */ = {isa = PBXBuildFile; fileRef = 7BF75B871D771D4B00CB03A2 /* PublishCell.m */; };
		7BF75B8A1D77238800CB03A2 /* sendmubiao.png in Resources */ = {isa = PBXBuildFile; fileRef = 7BF75B891D77238800CB03A2 /* sendmubiao.png */; };
		7BF75B8C1D7723FD00CB03A2 /* shenpiren.png in Resources */ = {isa = PBXBuildFile; fileRef = 7BF75B8B1D7723FD00CB03A2 /* shenpiren.png */; };
		B40C1AD51D33443700AFE71A /* UserInfoViewController.m in Sources */ = {isa = PBXBuildFile; fileRef = B40C1AD41D33443700AFE71A /* UserInfoViewController.m */; };
		B40C1AD71D33469400AFE71A /* UserInfoCell.xib in Resources */ = {isa = PBXBuildFile; fileRef = B40C1AD61D33469400AFE71A /* UserInfoCell.xib */; };
		B40C1AD91D33471B00AFE71A /* userinfo_1.png in Resources */ = {isa = PBXBuildFile; fileRef = B40C1AD81D33471B00AFE71A /* userinfo_1.png */; };
		B40C1ADC1D33478200AFE71A /* UserInfoCell1.m in Sources */ = {isa = PBXBuildFile; fileRef = B40C1ADB1D33478200AFE71A /* UserInfoCell1.m */; };
		B40C1ADE1D3348BF00AFE71A /* UserInfoCell2.xib in Resources */ = {isa = PBXBuildFile; fileRef = B40C1ADD1D3348BF00AFE71A /* UserInfoCell2.xib */; };
		B40C1AE11D33715500AFE71A /* UserInfoCell2.m in Sources */ = {isa = PBXBuildFile; fileRef = B40C1AE01D33715500AFE71A /* UserInfoCell2.m */; };
		B40C1AE31D3379C600AFE71A /* userinfo_2.png in Resources */ = {isa = PBXBuildFile; fileRef = B40C1AE21D3379C600AFE71A /* userinfo_2.png */; };
		B40C1AE51D3379ED00AFE71A /* userinfo_3.png in Resources */ = {isa = PBXBuildFile; fileRef = B40C1AE41D3379ED00AFE71A /* userinfo_3.png */; };
		B40C1AE71D337A1B00AFE71A /* userinfo_4.png in Resources */ = {isa = PBXBuildFile; fileRef = B40C1AE61D337A1B00AFE71A /* userinfo_4.png */; };
		B40C1AE91D337A3700AFE71A /* userinfo_5.png in Resources */ = {isa = PBXBuildFile; fileRef = B40C1AE81D337A3700AFE71A /* userinfo_5.png */; };
		B40C1AEB1D337A4A00AFE71A /* userinfo_6.png in Resources */ = {isa = PBXBuildFile; fileRef = B40C1AEA1D337A4A00AFE71A /* userinfo_6.png */; };
		B40C1AED1D337DF900AFE71A /* logo.png in Resources */ = {isa = PBXBuildFile; fileRef = B40C1AEC1D337DF900AFE71A /* logo.png */; };
		B40C1AF01D33807000AFE71A /* pwd_icon.png in Resources */ = {isa = PBXBuildFile; fileRef = B40C1AEE1D33807000AFE71A /* pwd_icon.png */; };
		B40C1AF11D33807000AFE71A /* user_icon.png in Resources */ = {isa = PBXBuildFile; fileRef = B40C1AEF1D33807000AFE71A /* user_icon.png */; };
		B40C1AF41D33837600AFE71A /* LoginViewController.m in Sources */ = {isa = PBXBuildFile; fileRef = B40C1AF31D33837600AFE71A /* LoginViewController.m */; };
		B40C1AF61D338F2A00AFE71A /* libHttpLib.a in Frameworks */ = {isa = PBXBuildFile; fileRef = B40C1AF51D338F2A00AFE71A /* libHttpLib.a */; };
		B40C1B021D3392BA00AFE71A /* HttpServer.m in Sources */ = {isa = PBXBuildFile; fileRef = B40C1B011D3392BA00AFE71A /* HttpServer.m */; };
		B42E582C1D7952B0005ADE1F /* SelectListViewController.m in Sources */ = {isa = PBXBuildFile; fileRef = B42E582B1D7952B0005ADE1F /* SelectListViewController.m */; };
		B42E582F1D795934005ADE1F /* selectlistcell.xib in Resources */ = {isa = PBXBuildFile; fileRef = B42E582E1D795934005ADE1F /* selectlistcell.xib */; };
		B42E58321D795AE1005ADE1F /* checkbox_select.png in Resources */ = {isa = PBXBuildFile; fileRef = B42E58301D795AE1005ADE1F /* checkbox_select.png */; };
		B42E58331D795AE1005ADE1F /* checkbox.png in Resources */ = {isa = PBXBuildFile; fileRef = B42E58311D795AE1005ADE1F /* checkbox.png */; };
		B42E58361D795BFC005ADE1F /* SelectListCell.m in Sources */ = {isa = PBXBuildFile; fileRef = B42E58351D795BFC005ADE1F /* SelectListCell.m */; };
		B43A5A491D9223EC00519400 /* groups_white.png in Resources */ = {isa = PBXBuildFile; fileRef = B43A5A481D9223EC00519400 /* groups_white.png */; };
		B43A5A4C1D92257E00519400 /* GroupInfoViewController.m in Sources */ = {isa = PBXBuildFile; fileRef = B43A5A4B1D92257E00519400 /* GroupInfoViewController.m */; };
		B44D0A011D2F420800F76DFF /* Common.framework in Frameworks */ = {isa = PBXBuildFile; fileRef = B44D0A001D2F420800F76DFF /* Common.framework */; };
		B44D0A031D2F421700F76DFF /* Common.framework in CopyFiles */ = {isa = PBXBuildFile; fileRef = B44D0A001D2F420800F76DFF /* Common.framework */; settings = {ATTRIBUTES = (CodeSignOnCopy, RemoveHeadersOnCopy, ); }; };
		B44D0A071D2F4AA900F76DFF /* setting1.png in Resources */ = {isa = PBXBuildFile; fileRef = B44D0A061D2F4AA900F76DFF /* setting1.png */; };
		B44D0A091D2F4B4F00F76DFF /* setting2.png in Resources */ = {isa = PBXBuildFile; fileRef = B44D0A081D2F4B4F00F76DFF /* setting2.png */; };
		B44D0A0B1D2F4B7200F76DFF /* setting3.png in Resources */ = {isa = PBXBuildFile; fileRef = B44D0A0A1D2F4B7200F76DFF /* setting3.png */; };
		B44D0A0D1D2F4B9C00F76DFF /* setting4.png in Resources */ = {isa = PBXBuildFile; fileRef = B44D0A0C1D2F4B9C00F76DFF /* setting4.png */; };
		B44D0A0F1D2F4BBE00F76DFF /* setting5.png in Resources */ = {isa = PBXBuildFile; fileRef = B44D0A0E1D2F4BBE00F76DFF /* setting5.png */; };
		B44D0A131D2F4FD400F76DFF /* ModiPwdController.m in Sources */ = {isa = PBXBuildFile; fileRef = B44D0A121D2F4FD400F76DFF /* ModiPwdController.m */; };
		B457EC431D7D51E60048E992 /* nick1.png in Resources */ = {isa = PBXBuildFile; fileRef = B457EC421D7D51E60048E992 /* nick1.png */; };
		B457EC451D7D545E0048E992 /* selectlistcell2.xib in Resources */ = {isa = PBXBuildFile; fileRef = B457EC441D7D545E0048E992 /* selectlistcell2.xib */; };
		B457EC481D7D55CB0048E992 /* SelectListCell2.m in Sources */ = {isa = PBXBuildFile; fileRef = B457EC471D7D55CB0048E992 /* SelectListCell2.m */; };
		B45CDEFE1D92674000DFBBAC /* userstatecell.xib in Resources */ = {isa = PBXBuildFile; fileRef = B45CDEFD1D92674000DFBBAC /* userstatecell.xib */; };
		B45CDF011D92677E00DFBBAC /* no_s.png in Resources */ = {isa = PBXBuildFile; fileRef = B45CDEFF1D92677E00DFBBAC /* no_s.png */; };
		B45CDF021D92677E00DFBBAC /* ok_s.png in Resources */ = {isa = PBXBuildFile; fileRef = B45CDF001D92677E00DFBBAC /* ok_s.png */; };
		B45CDF051D92743300DFBBAC /* GroupInfoUserStateCell.m in Sources */ = {isa = PBXBuildFile; fileRef = B45CDF041D92743300DFBBAC /* GroupInfoUserStateCell.m */; };
		B465FBCC1D780E0200AFE593 /* MediaRecord.m in Sources */ = {isa = PBXBuildFile; fileRef = B465FBCB1D780E0200AFE593 /* MediaRecord.m */; };
		B48B0F131D2E498100646A20 /* main.m in Sources */ = {isa = PBXBuildFile; fileRef = B48B0F121D2E498100646A20 /* main.m */; };
		B48B0F161D2E498100646A20 /* AppDelegate.m in Sources */ = {isa = PBXBuildFile; fileRef = B48B0F151D2E498100646A20 /* AppDelegate.m */; };
		B48B0F1C1D2E498100646A20 /* Main.storyboard in Resources */ = {isa = PBXBuildFile; fileRef = B48B0F1A1D2E498100646A20 /* Main.storyboard */; };
		B48B0F1E1D2E498100646A20 /* Assets.xcassets in Resources */ = {isa = PBXBuildFile; fileRef = B48B0F1D1D2E498100646A20 /* Assets.xcassets */; };
		B48B0F211D2E498100646A20 /* LaunchScreen.storyboard in Resources */ = {isa = PBXBuildFile; fileRef = B48B0F1F1D2E498100646A20 /* LaunchScreen.storyboard */; };
		B48B0F2C1D2E4ADF00646A20 /* MainTabBarController.m in Sources */ = {isa = PBXBuildFile; fileRef = B48B0F2B1D2E4ADF00646A20 /* MainTabBarController.m */; };
		B48B0F311D2E4E8F00646A20 /* profile_bg.png in Resources */ = {isa = PBXBuildFile; fileRef = B48B0F301D2E4E8F00646A20 /* profile_bg.png */; };
		B48B0F341D2E51B300646A20 /* MeController.m in Sources */ = {isa = PBXBuildFile; fileRef = B48B0F331D2E51B300646A20 /* MeController.m */; };
		B48B0F381D2E53D000646A20 /* UserInfo.m in Sources */ = {isa = PBXBuildFile; fileRef = B48B0F371D2E53D000646A20 /* UserInfo.m */; };
		B48B0F3B1D2E542E00646A20 /* ServerInfo.m in Sources */ = {isa = PBXBuildFile; fileRef = B48B0F3A1D2E542E00646A20 /* ServerInfo.m */; };
/* End PBXBuildFile section */

/* Begin PBXCopyFilesBuildPhase section */
		B44D0A021D2F420F00F76DFF /* CopyFiles */ = {
			isa = PBXCopyFilesBuildPhase;
			buildActionMask = 2147483647;
			dstPath = "";
			dstSubfolderSpec = 10;
			files = (
				B44D0A031D2F421700F76DFF /* Common.framework in CopyFiles */,
			);
			runOnlyForDeploymentPostprocessing = 0;
		};
/* End PBXCopyFilesBuildPhase section */

/* Begin PBXFileReference section */
		7B19691A1D6B406400108B4A /* DDInfo.h */ = {isa = PBXFileReference; fileEncoding = 4; lastKnownFileType = sourcecode.c.h; path = DDInfo.h; sourceTree = "<group>"; };
		7B19691B1D6B406400108B4A /* DDInfo.m */ = {isa = PBXFileReference; fileEncoding = 4; lastKnownFileType = sourcecode.c.objc; path = DDInfo.m; sourceTree = "<group>"; };
		7B19691F1D6DEC0000108B4A /* MessageCell.xib */ = {isa = PBXFileReference; fileEncoding = 4; lastKnownFileType = file.xib; path = MessageCell.xib; sourceTree = "<group>"; };
		7B1969211D6DEC1700108B4A /* MessageCell.h */ = {isa = PBXFileReference; fileEncoding = 4; lastKnownFileType = sourcecode.c.h; path = MessageCell.h; sourceTree = "<group>"; };
		7B1969221D6DEC1700108B4A /* MessageCell.m */ = {isa = PBXFileReference; fileEncoding = 4; lastKnownFileType = sourcecode.c.objc; path = MessageCell.m; sourceTree = "<group>"; };
		7B1969241D6DECA500108B4A /* notice.png */ = {isa = PBXFileReference; lastKnownFileType = image.png; path = notice.png; sourceTree = "<group>"; };
		7B318E1D1D63573A002A9B59 /* phonebookcell.xib */ = {isa = PBXFileReference; fileEncoding = 4; lastKnownFileType = file.xib; path = phonebookcell.xib; sourceTree = "<group>"; };
		7B318E1F1D6357D0002A9B59 /* PhoneBookCell.h */ = {isa = PBXFileReference; fileEncoding = 4; lastKnownFileType = sourcecode.c.h; path = PhoneBookCell.h; sourceTree = "<group>"; };
		7B318E201D6357D0002A9B59 /* PhoneBookCell.m */ = {isa = PBXFileReference; fileEncoding = 4; lastKnownFileType = sourcecode.c.objc; path = PhoneBookCell.m; sourceTree = "<group>"; };
		7B35E6941D66064000E81267 /* libMQTTKit.a */ = {isa = PBXFileReference; lastKnownFileType = archive.ar; path = libMQTTKit.a; sourceTree = "<group>"; };
		7B35E6951D66064000E81267 /* MQTTKit.h */ = {isa = PBXFileReference; fileEncoding = 4; lastKnownFileType = sourcecode.c.h; path = MQTTKit.h; sourceTree = "<group>"; };
		7B40251D1DABC75A00403B0A /* chat_right_text_cell.xib */ = {isa = PBXFileReference; fileEncoding = 4; lastKnownFileType = file.xib; path = chat_right_text_cell.xib; sourceTree = "<group>"; };
		7B40251F1DABC77A00403B0A /* ChatTextRightCell.h */ = {isa = PBXFileReference; fileEncoding = 4; lastKnownFileType = sourcecode.c.h; path = ChatTextRightCell.h; sourceTree = "<group>"; };
		7B4025201DABC77A00403B0A /* ChatTextRightCell.m */ = {isa = PBXFileReference; fileEncoding = 4; lastKnownFileType = sourcecode.c.objc; path = ChatTextRightCell.m; sourceTree = "<group>"; };
		7B4025221DABD2F800403B0A /* ChatLog+CoreDataClass.h */ = {isa = PBXFileReference; fileEncoding = 4; lastKnownFileType = sourcecode.c.h; name = "ChatLog+CoreDataClass.h"; path = "../ChatLog+CoreDataClass.h"; sourceTree = "<group>"; };
		7B4025231DABD2F800403B0A /* ChatLog+CoreDataClass.m */ = {isa = PBXFileReference; fileEncoding = 4; lastKnownFileType = sourcecode.c.objc; name = "ChatLog+CoreDataClass.m"; path = "../ChatLog+CoreDataClass.m"; sourceTree = "<group>"; };
		7B4058171D3E70AA002A5068 /* MBProgressHUD.m */ = {isa = PBXFileReference; fileEncoding = 4; lastKnownFileType = sourcecode.c.objc; path = MBProgressHUD.m; sourceTree = "<group>"; };
		7B4058181D3E70AA002A5068 /* MBProgressHUD.h */ = {isa = PBXFileReference; fileEncoding = 4; lastKnownFileType = sourcecode.c.h; path = MBProgressHUD.h; sourceTree = "<group>"; };
		7B70263A1D957EA800C04011 /* BaiduMapAPI_Base.framework */ = {isa = PBXFileReference; lastKnownFileType = wrapper.framework; path = BaiduMapAPI_Base.framework; sourceTree = "<group>"; };
		7B70263B1D957EA800C04011 /* BaiduMapAPI_Cloud.framework */ = {isa = PBXFileReference; lastKnownFileType = wrapper.framework; path = BaiduMapAPI_Cloud.framework; sourceTree = "<group>"; };
		7B70263C1D957EA800C04011 /* BaiduMapAPI_Location.framework */ = {isa = PBXFileReference; lastKnownFileType = wrapper.framework; path = BaiduMapAPI_Location.framework; sourceTree = "<group>"; };
		7B70263D1D957EA800C04011 /* BaiduMapAPI_Map.framework */ = {isa = PBXFileReference; lastKnownFileType = wrapper.framework; path = BaiduMapAPI_Map.framework; sourceTree = "<group>"; };
		7B70263E1D957EA800C04011 /* BaiduMapAPI_Radar.framework */ = {isa = PBXFileReference; lastKnownFileType = wrapper.framework; path = BaiduMapAPI_Radar.framework; sourceTree = "<group>"; };
		7B70263F1D957EA800C04011 /* BaiduMapAPI_Search.framework */ = {isa = PBXFileReference; lastKnownFileType = wrapper.framework; path = BaiduMapAPI_Search.framework; sourceTree = "<group>"; };
		7B7026401D957EA800C04011 /* BaiduMapAPI_Utils.framework */ = {isa = PBXFileReference; lastKnownFileType = wrapper.framework; path = BaiduMapAPI_Utils.framework; sourceTree = "<group>"; };
		7B7026481D957F2600C04011 /* mapapi.bundle */ = {isa = PBXFileReference; lastKnownFileType = "wrapper.plug-in"; path = mapapi.bundle; sourceTree = "<group>"; };
		7B70264B1D957FFA00C04011 /* CoreLocation.framework */ = {isa = PBXFileReference; lastKnownFileType = wrapper.framework; name = CoreLocation.framework; path = System/Library/Frameworks/CoreLocation.framework; sourceTree = SDKROOT; };
		7B70264D1D95800900C04011 /* QuartzCore.framework */ = {isa = PBXFileReference; lastKnownFileType = wrapper.framework; name = QuartzCore.framework; path = System/Library/Frameworks/QuartzCore.framework; sourceTree = SDKROOT; };
		7B70264F1D95801300C04011 /* OpenGLES.framework */ = {isa = PBXFileReference; lastKnownFileType = wrapper.framework; name = OpenGLES.framework; path = System/Library/Frameworks/OpenGLES.framework; sourceTree = SDKROOT; };
		7B7026511D95802100C04011 /* SystemConfiguration.framework */ = {isa = PBXFileReference; lastKnownFileType = wrapper.framework; name = SystemConfiguration.framework; path = System/Library/Frameworks/SystemConfiguration.framework; sourceTree = SDKROOT; };
		7B7026531D95802C00C04011 /* CoreGraphics.framework */ = {isa = PBXFileReference; lastKnownFileType = wrapper.framework; name = CoreGraphics.framework; path = System/Library/Frameworks/CoreGraphics.framework; sourceTree = SDKROOT; };
		7B7026551D95803B00C04011 /* Security.framework */ = {isa = PBXFileReference; lastKnownFileType = wrapper.framework; name = Security.framework; path = System/Library/Frameworks/Security.framework; sourceTree = SDKROOT; };
		7B7026571D95804700C04011 /* libsqlite3.0.tbd */ = {isa = PBXFileReference; lastKnownFileType = "sourcecode.text-based-dylib-definition"; name = libsqlite3.0.tbd; path = usr/lib/libsqlite3.0.tbd; sourceTree = SDKROOT; };
		7B7026591D95805300C04011 /* CoreTelephony.framework */ = {isa = PBXFileReference; lastKnownFileType = wrapper.framework; name = CoreTelephony.framework; path = System/Library/Frameworks/CoreTelephony.framework; sourceTree = SDKROOT; };
		7B70265B1D95806500C04011 /* libstdc++.6.0.9.tbd */ = {isa = PBXFileReference; lastKnownFileType = "sourcecode.text-based-dylib-definition"; name = "libstdc++.6.0.9.tbd"; path = "usr/lib/libstdc++.6.0.9.tbd"; sourceTree = SDKROOT; };
		7B89D9391D676FB5000D712D /* MQTTServer.h */ = {isa = PBXFileReference; fileEncoding = 4; lastKnownFileType = sourcecode.c.h; path = MQTTServer.h; sourceTree = "<group>"; };
		7B89D93A1D676FB5000D712D /* MQTTServer.m */ = {isa = PBXFileReference; fileEncoding = 4; lastKnownFileType = sourcecode.c.objc; path = MQTTServer.m; sourceTree = "<group>"; };
		7B89D93C1D688B20000D712D /* MessageViewContoller.h */ = {isa = PBXFileReference; fileEncoding = 4; lastKnownFileType = sourcecode.c.h; path = MessageViewContoller.h; sourceTree = "<group>"; };
		7B89D93D1D688B20000D712D /* MessageViewContoller.m */ = {isa = PBXFileReference; fileEncoding = 4; lastKnownFileType = sourcecode.c.objc; path = MessageViewContoller.m; sourceTree = "<group>"; };
		7B89D9421D68951C000D712D /* FTPopOverMenu.h */ = {isa = PBXFileReference; fileEncoding = 4; lastKnownFileType = sourcecode.c.h; path = FTPopOverMenu.h; sourceTree = "<group>"; };
		7B89D9431D68951C000D712D /* FTPopOverMenu.m */ = {isa = PBXFileReference; fileEncoding = 4; lastKnownFileType = sourcecode.c.objc; path = FTPopOverMenu.m; sourceTree = "<group>"; };
		7B89D9451D68960D000D712D /* publishjd.png */ = {isa = PBXFileReference; lastKnownFileType = image.png; path = publishjd.png; sourceTree = "<group>"; };
		7B89D9471D68961D000D712D /* historyjd.png */ = {isa = PBXFileReference; lastKnownFileType = image.png; path = historyjd.png; sourceTree = "<group>"; };
		7B89D9491D69E3EB000D712D /* PublishViewController.h */ = {isa = PBXFileReference; fileEncoding = 4; lastKnownFileType = sourcecode.c.h; path = PublishViewController.h; sourceTree = "<group>"; };
		7B89D94A1D69E3EB000D712D /* PublishViewController.m */ = {isa = PBXFileReference; fileEncoding = 4; lastKnownFileType = sourcecode.c.objc; path = PublishViewController.m; sourceTree = "<group>"; };
		7BA75ACC1D8AC3EF00A2B1C8 /* NotificationController.h */ = {isa = PBXFileReference; fileEncoding = 4; lastKnownFileType = sourcecode.c.h; path = NotificationController.h; sourceTree = "<group>"; };
		7BA75ACD1D8AC3EF00A2B1C8 /* NotificationController.m */ = {isa = PBXFileReference; fileEncoding = 4; lastKnownFileType = sourcecode.c.objc; path = NotificationController.m; sourceTree = "<group>"; };
		7BA75ACF1D8C390400A2B1C8 /* t7.png */ = {isa = PBXFileReference; lastKnownFileType = image.png; path = t7.png; sourceTree = "<group>"; };
		7BA75AD11D8C3EC500A2B1C8 /* t5.png */ = {isa = PBXFileReference; lastKnownFileType = image.png; path = t5.png; sourceTree = "<group>"; };
		7BA75AD31D8C3EDB00A2B1C8 /* ChatViewController.h */ = {isa = PBXFileReference; fileEncoding = 4; lastKnownFileType = sourcecode.c.h; path = ChatViewController.h; sourceTree = "<group>"; };
		7BA75AD41D8C3EDB00A2B1C8 /* ChatViewController.m */ = {isa = PBXFileReference; fileEncoding = 4; lastKnownFileType = sourcecode.c.objc; path = ChatViewController.m; sourceTree = "<group>"; };
		7BAE28A61D996328008AF612 /* chatleft_text_cell.xib */ = {isa = PBXFileReference; fileEncoding = 4; lastKnownFileType = file.xib; path = chatleft_text_cell.xib; sourceTree = "<group>"; };
		7BAE28A81D9965B5008AF612 /* ChatTextLeftCell.h */ = {isa = PBXFileReference; fileEncoding = 4; lastKnownFileType = sourcecode.c.h; path = ChatTextLeftCell.h; sourceTree = "<group>"; };
		7BAE28A91D9965B5008AF612 /* ChatTextLeftCell.m */ = {isa = PBXFileReference; fileEncoding = 4; lastKnownFileType = sourcecode.c.objc; path = ChatTextLeftCell.m; sourceTree = "<group>"; };
		7BAE28AB1D9AA7B8008AF612 /* chat_right.png */ = {isa = PBXFileReference; lastKnownFileType = image.png; path = chat_right.png; sourceTree = "<group>"; };
		7BAE28AC1D9AA7B8008AF612 /* chat_left.png */ = {isa = PBXFileReference; lastKnownFileType = image.png; path = chat_left.png; sourceTree = "<group>"; };
		7BB56DED1D5F2E3A002C80A3 /* default_avatar.png */ = {isa = PBXFileReference; lastKnownFileType = image.png; path = default_avatar.png; sourceTree = "<group>"; };
		7BB56DF11D5F3A5B002C80A3 /* db.xcdatamodel */ = {isa = PBXFileReference; lastKnownFileType = wrapper.xcdatamodel; path = db.xcdatamodel; sourceTree = "<group>"; };
		7BB56DF31D5F3A90002C80A3 /* DBmanger.h */ = {isa = PBXFileReference; fileEncoding = 4; lastKnownFileType = sourcecode.c.h; path = DBmanger.h; sourceTree = "<group>"; };
		7BB56DF41D5F3A90002C80A3 /* DBmanger.m */ = {isa = PBXFileReference; fileEncoding = 4; lastKnownFileType = sourcecode.c.objc; path = DBmanger.m; sourceTree = "<group>"; };
		7BB56E041D5F3D6A002C80A3 /* Department.h */ = {isa = PBXFileReference; fileEncoding = 4; lastKnownFileType = sourcecode.c.h; path = Department.h; sourceTree = "<group>"; };
		7BB56E051D5F3D6A002C80A3 /* Department.m */ = {isa = PBXFileReference; fileEncoding = 4; lastKnownFileType = sourcecode.c.objc; path = Department.m; sourceTree = "<group>"; };
		7BB56E0A1D5F45F4002C80A3 /* Contacts.h */ = {isa = PBXFileReference; fileEncoding = 4; lastKnownFileType = sourcecode.c.h; path = Contacts.h; sourceTree = "<group>"; };
		7BB56E0B1D5F45F4002C80A3 /* Contacts.m */ = {isa = PBXFileReference; fileEncoding = 4; lastKnownFileType = sourcecode.c.objc; path = Contacts.m; sourceTree = "<group>"; };
		7BB56E0E1D5F5986002C80A3 /* ContactsController.h */ = {isa = PBXFileReference; fileEncoding = 4; lastKnownFileType = sourcecode.c.h; path = ContactsController.h; sourceTree = "<group>"; };
		7BB56E0F1D5F5986002C80A3 /* ContactsController.m */ = {isa = PBXFileReference; fileEncoding = 4; lastKnownFileType = sourcecode.c.objc; path = ContactsController.m; sourceTree = "<group>"; };
		7BB56E111D5F5A1C002C80A3 /* PhoneBookController.h */ = {isa = PBXFileReference; fileEncoding = 4; lastKnownFileType = sourcecode.c.h; path = PhoneBookController.h; sourceTree = "<group>"; };
		7BB56E121D5F5A1C002C80A3 /* PhoneBookController.m */ = {isa = PBXFileReference; fileEncoding = 4; lastKnownFileType = sourcecode.c.objc; path = PhoneBookController.m; sourceTree = "<group>"; };
		7BDE1C4E1D842B39004F2CCB /* AppoverViewController.h */ = {isa = PBXFileReference; fileEncoding = 4; lastKnownFileType = sourcecode.c.h; path = AppoverViewController.h; sourceTree = "<group>"; };
		7BDE1C4F1D842B39004F2CCB /* AppoverViewController.m */ = {isa = PBXFileReference; fileEncoding = 4; lastKnownFileType = sourcecode.c.objc; path = AppoverViewController.m; sourceTree = "<group>"; };
		7BDE1C511D843592004F2CCB /* JDDeltalViewController.h */ = {isa = PBXFileReference; fileEncoding = 4; lastKnownFileType = sourcecode.c.h; path = JDDeltalViewController.h; sourceTree = "<group>"; };
		7BDE1C521D843592004F2CCB /* JDDeltalViewController.m */ = {isa = PBXFileReference; fileEncoding = 4; lastKnownFileType = sourcecode.c.objc; path = JDDeltalViewController.m; sourceTree = "<group>"; };
		7BF398131D5CC1DE004CDFE8 /* splash.jpg */ = {isa = PBXFileReference; lastKnownFileType = image.jpeg; path = splash.jpg; sourceTree = "<group>"; };
		7BF73D6E1D86EA0F0089B050 /* sp_no.png */ = {isa = PBXFileReference; lastKnownFileType = image.png; path = sp_no.png; sourceTree = "<group>"; };
		7BF73D6F1D86EA0F0089B050 /* sp_ok.png */ = {isa = PBXFileReference; lastKnownFileType = image.png; path = sp_ok.png; sourceTree = "<group>"; };
		7BF75B731D75C73D00CB03A2 /* aay.png */ = {isa = PBXFileReference; lastKnownFileType = image.png; path = aay.png; sourceTree = "<group>"; };
		7BF75B751D77188800CB03A2 /* publishrecordcell.xib */ = {isa = PBXFileReference; fileEncoding = 4; lastKnownFileType = file.xib; path = publishrecordcell.xib; sourceTree = "<group>"; };
		7BF75B771D7718C900CB03A2 /* record.png */ = {isa = PBXFileReference; lastKnownFileType = image.png; path = record.png; sourceTree = "<group>"; };
		7BF75B791D771A4000CB03A2 /* record_start.png */ = {isa = PBXFileReference; lastKnownFileType = image.png; path = record_start.png; sourceTree = "<group>"; };
		7BF75B7B1D771AA700CB03A2 /* PublishRecordCell.h */ = {isa = PBXFileReference; fileEncoding = 4; lastKnownFileType = sourcecode.c.h; path = PublishRecordCell.h; sourceTree = "<group>"; };
		7BF75B7C1D771AA700CB03A2 /* PublishRecordCell.m */ = {isa = PBXFileReference; fileEncoding = 4; lastKnownFileType = sourcecode.c.objc; path = PublishRecordCell.m; sourceTree = "<group>"; };
		7BF75B7E1D771B8700CB03A2 /* play.png */ = {isa = PBXFileReference; lastKnownFileType = image.png; path = play.png; sourceTree = "<group>"; };
		7BF75B801D771BAC00CB03A2 /* stop.png */ = {isa = PBXFileReference; lastKnownFileType = image.png; path = stop.png; sourceTree = "<group>"; };
		7BF75B821D771BE700CB03A2 /* pause.png */ = {isa = PBXFileReference; lastKnownFileType = image.png; path = pause.png; sourceTree = "<group>"; };
		7BF75B841D771C3700CB03A2 /* publishcell.xib */ = {isa = PBXFileReference; fileEncoding = 4; lastKnownFileType = file.xib; path = publishcell.xib; sourceTree = "<group>"; };
		7BF75B861D771D4B00CB03A2 /* PublishCell.h */ = {isa = PBXFileReference; fileEncoding = 4; lastKnownFileType = sourcecode.c.h; path = PublishCell.h; sourceTree = "<group>"; };
		7BF75B871D771D4B00CB03A2 /* PublishCell.m */ = {isa = PBXFileReference; fileEncoding = 4; lastKnownFileType = sourcecode.c.objc; path = PublishCell.m; sourceTree = "<group>"; };
		7BF75B891D77238800CB03A2 /* sendmubiao.png */ = {isa = PBXFileReference; lastKnownFileType = image.png; path = sendmubiao.png; sourceTree = "<group>"; };
		7BF75B8B1D7723FD00CB03A2 /* shenpiren.png */ = {isa = PBXFileReference; lastKnownFileType = image.png; path = shenpiren.png; sourceTree = "<group>"; };
		B40C1AD31D33443700AFE71A /* UserInfoViewController.h */ = {isa = PBXFileReference; fileEncoding = 4; lastKnownFileType = sourcecode.c.h; path = UserInfoViewController.h; sourceTree = "<group>"; };
		B40C1AD41D33443700AFE71A /* UserInfoViewController.m */ = {isa = PBXFileReference; fileEncoding = 4; lastKnownFileType = sourcecode.c.objc; path = UserInfoViewController.m; sourceTree = "<group>"; };
		B40C1AD61D33469400AFE71A /* UserInfoCell.xib */ = {isa = PBXFileReference; fileEncoding = 4; lastKnownFileType = file.xib; path = UserInfoCell.xib; sourceTree = "<group>"; };
		B40C1AD81D33471B00AFE71A /* userinfo_1.png */ = {isa = PBXFileReference; lastKnownFileType = image.png; path = userinfo_1.png; sourceTree = "<group>"; };
		B40C1ADA1D33478200AFE71A /* UserInfoCell1.h */ = {isa = PBXFileReference; fileEncoding = 4; lastKnownFileType = sourcecode.c.h; path = UserInfoCell1.h; sourceTree = "<group>"; };
		B40C1ADB1D33478200AFE71A /* UserInfoCell1.m */ = {isa = PBXFileReference; fileEncoding = 4; lastKnownFileType = sourcecode.c.objc; path = UserInfoCell1.m; sourceTree = "<group>"; };
		B40C1ADD1D3348BF00AFE71A /* UserInfoCell2.xib */ = {isa = PBXFileReference; fileEncoding = 4; lastKnownFileType = file.xib; path = UserInfoCell2.xib; sourceTree = "<group>"; };
		B40C1ADF1D33715500AFE71A /* UserInfoCell2.h */ = {isa = PBXFileReference; fileEncoding = 4; lastKnownFileType = sourcecode.c.h; path = UserInfoCell2.h; sourceTree = "<group>"; };
		B40C1AE01D33715500AFE71A /* UserInfoCell2.m */ = {isa = PBXFileReference; fileEncoding = 4; lastKnownFileType = sourcecode.c.objc; path = UserInfoCell2.m; sourceTree = "<group>"; };
		B40C1AE21D3379C600AFE71A /* userinfo_2.png */ = {isa = PBXFileReference; lastKnownFileType = image.png; path = userinfo_2.png; sourceTree = "<group>"; };
		B40C1AE41D3379ED00AFE71A /* userinfo_3.png */ = {isa = PBXFileReference; lastKnownFileType = image.png; path = userinfo_3.png; sourceTree = "<group>"; };
		B40C1AE61D337A1B00AFE71A /* userinfo_4.png */ = {isa = PBXFileReference; lastKnownFileType = image.png; path = userinfo_4.png; sourceTree = "<group>"; };
		B40C1AE81D337A3700AFE71A /* userinfo_5.png */ = {isa = PBXFileReference; lastKnownFileType = image.png; path = userinfo_5.png; sourceTree = "<group>"; };
		B40C1AEA1D337A4A00AFE71A /* userinfo_6.png */ = {isa = PBXFileReference; lastKnownFileType = image.png; path = userinfo_6.png; sourceTree = "<group>"; };
		B40C1AEC1D337DF900AFE71A /* logo.png */ = {isa = PBXFileReference; lastKnownFileType = image.png; path = logo.png; sourceTree = "<group>"; };
		B40C1AEE1D33807000AFE71A /* pwd_icon.png */ = {isa = PBXFileReference; lastKnownFileType = image.png; path = pwd_icon.png; sourceTree = "<group>"; };
		B40C1AEF1D33807000AFE71A /* user_icon.png */ = {isa = PBXFileReference; lastKnownFileType = image.png; path = user_icon.png; sourceTree = "<group>"; };
		B40C1AF21D33837600AFE71A /* LoginViewController.h */ = {isa = PBXFileReference; fileEncoding = 4; lastKnownFileType = sourcecode.c.h; path = LoginViewController.h; sourceTree = "<group>"; };
		B40C1AF31D33837600AFE71A /* LoginViewController.m */ = {isa = PBXFileReference; fileEncoding = 4; lastKnownFileType = sourcecode.c.objc; path = LoginViewController.m; sourceTree = "<group>"; };
		B40C1AF51D338F2A00AFE71A /* libHttpLib.a */ = {isa = PBXFileReference; lastKnownFileType = archive.ar; path = libHttpLib.a; sourceTree = "<group>"; };
		B40C1AFC1D33913B00AFE71A /* HttpClass.h */ = {isa = PBXFileReference; lastKnownFileType = sourcecode.c.h; path = HttpClass.h; sourceTree = "<group>"; };
		B40C1AFD1D33913B00AFE71A /* info.h */ = {isa = PBXFileReference; lastKnownFileType = sourcecode.c.h; path = info.h; sourceTree = "<group>"; };
		B40C1AFE1D33913B00AFE71A /* ReturnData.h */ = {isa = PBXFileReference; lastKnownFileType = sourcecode.c.h; path = ReturnData.h; sourceTree = "<group>"; };
		B40C1B001D3392BA00AFE71A /* HttpServer.h */ = {isa = PBXFileReference; fileEncoding = 4; lastKnownFileType = sourcecode.c.h; path = HttpServer.h; sourceTree = "<group>"; };
		B40C1B011D3392BA00AFE71A /* HttpServer.m */ = {isa = PBXFileReference; fileEncoding = 4; lastKnownFileType = sourcecode.c.objc; path = HttpServer.m; sourceTree = "<group>"; };
		B42E582A1D7952B0005ADE1F /* SelectListViewController.h */ = {isa = PBXFileReference; fileEncoding = 4; lastKnownFileType = sourcecode.c.h; path = SelectListViewController.h; sourceTree = "<group>"; };
		B42E582B1D7952B0005ADE1F /* SelectListViewController.m */ = {isa = PBXFileReference; fileEncoding = 4; lastKnownFileType = sourcecode.c.objc; path = SelectListViewController.m; sourceTree = "<group>"; };
		B42E582E1D795934005ADE1F /* selectlistcell.xib */ = {isa = PBXFileReference; fileEncoding = 4; lastKnownFileType = file.xib; path = selectlistcell.xib; sourceTree = "<group>"; };
		B42E58301D795AE1005ADE1F /* checkbox_select.png */ = {isa = PBXFileReference; lastKnownFileType = image.png; path = checkbox_select.png; sourceTree = "<group>"; };
		B42E58311D795AE1005ADE1F /* checkbox.png */ = {isa = PBXFileReference; lastKnownFileType = image.png; path = checkbox.png; sourceTree = "<group>"; };
		B42E58341D795BFC005ADE1F /* SelectListCell.h */ = {isa = PBXFileReference; fileEncoding = 4; lastKnownFileType = sourcecode.c.h; path = SelectListCell.h; sourceTree = "<group>"; };
		B42E58351D795BFC005ADE1F /* SelectListCell.m */ = {isa = PBXFileReference; fileEncoding = 4; lastKnownFileType = sourcecode.c.objc; path = SelectListCell.m; sourceTree = "<group>"; };
		B43A5A481D9223EC00519400 /* groups_white.png */ = {isa = PBXFileReference; lastKnownFileType = image.png; path = groups_white.png; sourceTree = "<group>"; };
		B43A5A4A1D92257E00519400 /* GroupInfoViewController.h */ = {isa = PBXFileReference; fileEncoding = 4; lastKnownFileType = sourcecode.c.h; path = GroupInfoViewController.h; sourceTree = "<group>"; };
		B43A5A4B1D92257E00519400 /* GroupInfoViewController.m */ = {isa = PBXFileReference; fileEncoding = 4; lastKnownFileType = sourcecode.c.objc; path = GroupInfoViewController.m; sourceTree = "<group>"; };
		B44D0A001D2F420800F76DFF /* Common.framework */ = {isa = PBXFileReference; lastKnownFileType = wrapper.framework; path = Common.framework; sourceTree = "<group>"; };
		B44D0A061D2F4AA900F76DFF /* setting1.png */ = {isa = PBXFileReference; lastKnownFileType = image.png; path = setting1.png; sourceTree = "<group>"; };
		B44D0A081D2F4B4F00F76DFF /* setting2.png */ = {isa = PBXFileReference; lastKnownFileType = image.png; path = setting2.png; sourceTree = "<group>"; };
		B44D0A0A1D2F4B7200F76DFF /* setting3.png */ = {isa = PBXFileReference; lastKnownFileType = image.png; path = setting3.png; sourceTree = "<group>"; };
		B44D0A0C1D2F4B9C00F76DFF /* setting4.png */ = {isa = PBXFileReference; lastKnownFileType = image.png; path = setting4.png; sourceTree = "<group>"; };
		B44D0A0E1D2F4BBE00F76DFF /* setting5.png */ = {isa = PBXFileReference; lastKnownFileType = image.png; path = setting5.png; sourceTree = "<group>"; };
		B44D0A111D2F4FD400F76DFF /* ModiPwdController.h */ = {isa = PBXFileReference; fileEncoding = 4; lastKnownFileType = sourcecode.c.h; path = ModiPwdController.h; sourceTree = "<group>"; };
		B44D0A121D2F4FD400F76DFF /* ModiPwdController.m */ = {isa = PBXFileReference; fileEncoding = 4; lastKnownFileType = sourcecode.c.objc; path = ModiPwdController.m; sourceTree = "<group>"; };
		B457EC421D7D51E60048E992 /* nick1.png */ = {isa = PBXFileReference; lastKnownFileType = image.png; path = nick1.png; sourceTree = "<group>"; };
		B457EC441D7D545E0048E992 /* selectlistcell2.xib */ = {isa = PBXFileReference; fileEncoding = 4; lastKnownFileType = file.xib; path = selectlistcell2.xib; sourceTree = "<group>"; };
		B457EC461D7D55CB0048E992 /* SelectListCell2.h */ = {isa = PBXFileReference; fileEncoding = 4; lastKnownFileType = sourcecode.c.h; path = SelectListCell2.h; sourceTree = "<group>"; };
		B457EC471D7D55CB0048E992 /* SelectListCell2.m */ = {isa = PBXFileReference; fileEncoding = 4; lastKnownFileType = sourcecode.c.objc; path = SelectListCell2.m; sourceTree = "<group>"; };
		B45CDEFD1D92674000DFBBAC /* userstatecell.xib */ = {isa = PBXFileReference; fileEncoding = 4; lastKnownFileType = file.xib; path = userstatecell.xib; sourceTree = "<group>"; };
		B45CDEFF1D92677E00DFBBAC /* no_s.png */ = {isa = PBXFileReference; lastKnownFileType = image.png; path = no_s.png; sourceTree = "<group>"; };
		B45CDF001D92677E00DFBBAC /* ok_s.png */ = {isa = PBXFileReference; lastKnownFileType = image.png; path = ok_s.png; sourceTree = "<group>"; };
		B45CDF031D92743300DFBBAC /* GroupInfoUserStateCell.h */ = {isa = PBXFileReference; fileEncoding = 4; lastKnownFileType = sourcecode.c.h; path = GroupInfoUserStateCell.h; sourceTree = "<group>"; };
		B45CDF041D92743300DFBBAC /* GroupInfoUserStateCell.m */ = {isa = PBXFileReference; fileEncoding = 4; lastKnownFileType = sourcecode.c.objc; path = GroupInfoUserStateCell.m; sourceTree = "<group>"; };
		B465FBCA1D780E0200AFE593 /* MediaRecord.h */ = {isa = PBXFileReference; fileEncoding = 4; lastKnownFileType = sourcecode.c.h; path = MediaRecord.h; sourceTree = "<group>"; };
		B465FBCB1D780E0200AFE593 /* MediaRecord.m */ = {isa = PBXFileReference; fileEncoding = 4; lastKnownFileType = sourcecode.c.objc; path = MediaRecord.m; sourceTree = "<group>"; };
		B48B0F0E1D2E498000646A20 /* NTYJIOS.app */ = {isa = PBXFileReference; explicitFileType = wrapper.application; includeInIndex = 0; path = NTYJIOS.app; sourceTree = BUILT_PRODUCTS_DIR; };
		B48B0F121D2E498100646A20 /* main.m */ = {isa = PBXFileReference; lastKnownFileType = sourcecode.c.objc; path = main.m; sourceTree = "<group>"; };
		B48B0F141D2E498100646A20 /* AppDelegate.h */ = {isa = PBXFileReference; lastKnownFileType = sourcecode.c.h; path = AppDelegate.h; sourceTree = "<group>"; };
		B48B0F151D2E498100646A20 /* AppDelegate.m */ = {isa = PBXFileReference; lastKnownFileType = sourcecode.c.objc; path = AppDelegate.m; sourceTree = "<group>"; };
		B48B0F1B1D2E498100646A20 /* Base */ = {isa = PBXFileReference; lastKnownFileType = file.storyboard; name = Base; path = Base.lproj/Main.storyboard; sourceTree = "<group>"; };
		B48B0F1D1D2E498100646A20 /* Assets.xcassets */ = {isa = PBXFileReference; lastKnownFileType = folder.assetcatalog; path = Assets.xcassets; sourceTree = "<group>"; };
		B48B0F201D2E498100646A20 /* Base */ = {isa = PBXFileReference; lastKnownFileType = file.storyboard; name = Base; path = Base.lproj/LaunchScreen.storyboard; sourceTree = "<group>"; };
		B48B0F221D2E498100646A20 /* Info.plist */ = {isa = PBXFileReference; lastKnownFileType = text.plist.xml; path = Info.plist; sourceTree = "<group>"; };
		B48B0F2A1D2E4ADF00646A20 /* MainTabBarController.h */ = {isa = PBXFileReference; fileEncoding = 4; lastKnownFileType = sourcecode.c.h; path = MainTabBarController.h; sourceTree = "<group>"; };
		B48B0F2B1D2E4ADF00646A20 /* MainTabBarController.m */ = {isa = PBXFileReference; fileEncoding = 4; lastKnownFileType = sourcecode.c.objc; path = MainTabBarController.m; sourceTree = "<group>"; };
		B48B0F2E1D2E4B8E00646A20 /* Common.h */ = {isa = PBXFileReference; lastKnownFileType = sourcecode.c.h; path = Common.h; sourceTree = "<group>"; };
		B48B0F301D2E4E8F00646A20 /* profile_bg.png */ = {isa = PBXFileReference; lastKnownFileType = image.png; path = profile_bg.png; sourceTree = "<group>"; };
		B48B0F321D2E51B300646A20 /* MeController.h */ = {isa = PBXFileReference; fileEncoding = 4; lastKnownFileType = sourcecode.c.h; path = MeController.h; sourceTree = "<group>"; };
		B48B0F331D2E51B300646A20 /* MeController.m */ = {isa = PBXFileReference; fileEncoding = 4; lastKnownFileType = sourcecode.c.objc; path = MeController.m; sourceTree = "<group>"; };
		B48B0F361D2E53D000646A20 /* UserInfo.h */ = {isa = PBXFileReference; fileEncoding = 4; lastKnownFileType = sourcecode.c.h; path = UserInfo.h; sourceTree = "<group>"; };
		B48B0F371D2E53D000646A20 /* UserInfo.m */ = {isa = PBXFileReference; fileEncoding = 4; lastKnownFileType = sourcecode.c.objc; path = UserInfo.m; sourceTree = "<group>"; };
		B48B0F391D2E542E00646A20 /* ServerInfo.h */ = {isa = PBXFileReference; fileEncoding = 4; lastKnownFileType = sourcecode.c.h; path = ServerInfo.h; sourceTree = "<group>"; };
		B48B0F3A1D2E542E00646A20 /* ServerInfo.m */ = {isa = PBXFileReference; fileEncoding = 4; lastKnownFileType = sourcecode.c.objc; path = ServerInfo.m; sourceTree = "<group>"; };
/* End PBXFileReference section */

/* Begin PBXFrameworksBuildPhase section */
		B48B0F0B1D2E498000646A20 /* Frameworks */ = {
			isa = PBXFrameworksBuildPhase;
			buildActionMask = 2147483647;
			files = (
				7B70265C1D95806500C04011 /* libstdc++.6.0.9.tbd in Frameworks */,
				7B70265A1D95805300C04011 /* CoreTelephony.framework in Frameworks */,
				7B7026581D95804700C04011 /* libsqlite3.0.tbd in Frameworks */,
				7B7026561D95803B00C04011 /* Security.framework in Frameworks */,
				7B7026541D95802C00C04011 /* CoreGraphics.framework in Frameworks */,
				7B7026521D95802100C04011 /* SystemConfiguration.framework in Frameworks */,
				7B7026501D95801300C04011 /* OpenGLES.framework in Frameworks */,
				7B70264E1D95800900C04011 /* QuartzCore.framework in Frameworks */,
				7B70264C1D957FFA00C04011 /* CoreLocation.framework in Frameworks */,
				7B35E6961D66064000E81267 /* libMQTTKit.a in Frameworks */,
				7B7026441D957EA800C04011 /* BaiduMapAPI_Map.framework in Frameworks */,
				7B7026431D957EA800C04011 /* BaiduMapAPI_Location.framework in Frameworks */,
				7B7026411D957EA800C04011 /* BaiduMapAPI_Base.framework in Frameworks */,
				7B7026421D957EA800C04011 /* BaiduMapAPI_Cloud.framework in Frameworks */,
				7B7026451D957EA800C04011 /* BaiduMapAPI_Radar.framework in Frameworks */,
				B44D0A011D2F420800F76DFF /* Common.framework in Frameworks */,
				B40C1AF61D338F2A00AFE71A /* libHttpLib.a in Frameworks */,
				7B7026471D957EA800C04011 /* BaiduMapAPI_Utils.framework in Frameworks */,
				7B7026461D957EA800C04011 /* BaiduMapAPI_Search.framework in Frameworks */,
			);
			runOnlyForDeploymentPostprocessing = 0;
		};
/* End PBXFrameworksBuildPhase section */

/* Begin PBXGroup section */
		7B19691E1D6DEBED00108B4A /* Message */ = {
			isa = PBXGroup;
			children = (
				7B19691F1D6DEC0000108B4A /* MessageCell.xib */,
				7B1969211D6DEC1700108B4A /* MessageCell.h */,
				7B1969221D6DEC1700108B4A /* MessageCell.m */,
				7BF75B751D77188800CB03A2 /* publishrecordcell.xib */,
				7BF75B7B1D771AA700CB03A2 /* PublishRecordCell.h */,
				7BF75B7C1D771AA700CB03A2 /* PublishRecordCell.m */,
				7BF75B841D771C3700CB03A2 /* publishcell.xib */,
				7BF75B861D771D4B00CB03A2 /* PublishCell.h */,
				7BF75B871D771D4B00CB03A2 /* PublishCell.m */,
			);
			name = Message;
			sourceTree = "<group>";
		};
		7B318E1C1D63571B002A9B59 /* phonebook */ = {
			isa = PBXGroup;
			children = (
				7B318E1D1D63573A002A9B59 /* phonebookcell.xib */,
				7B318E1F1D6357D0002A9B59 /* PhoneBookCell.h */,
				7B318E201D6357D0002A9B59 /* PhoneBookCell.m */,
			);
			name = phonebook;
			sourceTree = "<group>";
		};
		7B35E6931D66063600E81267 /* MQTT */ = {
			isa = PBXGroup;
			children = (
				7B35E6941D66064000E81267 /* libMQTTKit.a */,
				7B35E6951D66064000E81267 /* MQTTKit.h */,
				7B89D9391D676FB5000D712D /* MQTTServer.h */,
				7B89D93A1D676FB5000D712D /* MQTTServer.m */,
			);
			name = MQTT;
			sourceTree = "<group>";
		};
		7B7026391D957E8E00C04011 /* baidu */ = {
			isa = PBXGroup;
			children = (
				7B7026481D957F2600C04011 /* mapapi.bundle */,
				7B70263A1D957EA800C04011 /* BaiduMapAPI_Base.framework */,
				7B70263B1D957EA800C04011 /* BaiduMapAPI_Cloud.framework */,
				7B70263C1D957EA800C04011 /* BaiduMapAPI_Location.framework */,
				7B70263D1D957EA800C04011 /* BaiduMapAPI_Map.framework */,
				7B70263E1D957EA800C04011 /* BaiduMapAPI_Radar.framework */,
				7B70263F1D957EA800C04011 /* BaiduMapAPI_Search.framework */,
				7B7026401D957EA800C04011 /* BaiduMapAPI_Utils.framework */,
			);
			name = baidu;
			sourceTree = "<group>";
		};
		7B70264A1D957FFA00C04011 /* Frameworks */ = {
			isa = PBXGroup;
			children = (
				7B70265B1D95806500C04011 /* libstdc++.6.0.9.tbd */,
				7B7026591D95805300C04011 /* CoreTelephony.framework */,
				7B7026571D95804700C04011 /* libsqlite3.0.tbd */,
				7B7026551D95803B00C04011 /* Security.framework */,
				7B7026531D95802C00C04011 /* CoreGraphics.framework */,
				7B7026511D95802100C04011 /* SystemConfiguration.framework */,
				7B70264F1D95801300C04011 /* OpenGLES.framework */,
				7B70264D1D95800900C04011 /* QuartzCore.framework */,
				7B70264B1D957FFA00C04011 /* CoreLocation.framework */,
			);
			name = Frameworks;
			sourceTree = "<group>";
		};
		7B89D9411D689514000D712D /* PopMenu */ = {
			isa = PBXGroup;
			children = (
				7B89D9421D68951C000D712D /* FTPopOverMenu.h */,
				7B89D9431D68951C000D712D /* FTPopOverMenu.m */,
			);
			name = PopMenu;
			sourceTree = "<group>";
		};
		7BAE28A51D996303008AF612 /* chatlist */ = {
			isa = PBXGroup;
			children = (
				7BAE28A61D996328008AF612 /* chatleft_text_cell.xib */,
				7BAE28A81D9965B5008AF612 /* ChatTextLeftCell.h */,
				7BAE28A91D9965B5008AF612 /* ChatTextLeftCell.m */,
				7B40251D1DABC75A00403B0A /* chat_right_text_cell.xib */,
				7B40251F1DABC77A00403B0A /* ChatTextRightCell.h */,
				7B4025201DABC77A00403B0A /* ChatTextRightCell.m */,
			);
			name = chatlist;
			sourceTree = "<group>";
		};
		7BB56DEF1D5F3A47002C80A3 /* db */ = {
			isa = PBXGroup;
			children = (
				7B4025221DABD2F800403B0A /* ChatLog+CoreDataClass.h */,
				7B4025231DABD2F800403B0A /* ChatLog+CoreDataClass.m */,
				7BB56DF31D5F3A90002C80A3 /* DBmanger.h */,
				7BB56DF41D5F3A90002C80A3 /* DBmanger.m */,
				7BB56DF01D5F3A5B002C80A3 /* db.xcdatamodeld */,
				7BB56E0A1D5F45F4002C80A3 /* Contacts.h */,
				7BB56E0B1D5F45F4002C80A3 /* Contacts.m */,
				7BB56E041D5F3D6A002C80A3 /* Department.h */,
				7BB56E051D5F3D6A002C80A3 /* Department.m */,
				7B19691A1D6B406400108B4A /* DDInfo.h */,
				7B19691B1D6B406400108B4A /* DDInfo.m */,
			);
			name = db;
			sourceTree = "<group>";
		};
		B40C1AF71D338F3500AFE71A /* libHttpHead */ = {
			isa = PBXGroup;
			children = (
				B40C1AFC1D33913B00AFE71A /* HttpClass.h */,
				B40C1AFD1D33913B00AFE71A /* info.h */,
				B40C1AFE1D33913B00AFE71A /* ReturnData.h */,
			);
			name = libHttpHead;
			sourceTree = "<group>";
		};
		B40C1AFF1D33929B00AFE71A /* Httpserver */ = {
			isa = PBXGroup;
			children = (
				B40C1B001D3392BA00AFE71A /* HttpServer.h */,
				B40C1B011D3392BA00AFE71A /* HttpServer.m */,
			);
			name = Httpserver;
			sourceTree = "<group>";
		};
		B42E582D1D7958EA005ADE1F /* Cell */ = {
			isa = PBXGroup;
			children = (
				B42E582E1D795934005ADE1F /* selectlistcell.xib */,
				B42E58341D795BFC005ADE1F /* SelectListCell.h */,
				B42E58351D795BFC005ADE1F /* SelectListCell.m */,
				B457EC441D7D545E0048E992 /* selectlistcell2.xib */,
				B457EC461D7D55CB0048E992 /* SelectListCell2.h */,
				B457EC471D7D55CB0048E992 /* SelectListCell2.m */,
				B45CDEFD1D92674000DFBBAC /* userstatecell.xib */,
				B45CDF031D92743300DFBBAC /* GroupInfoUserStateCell.h */,
				B45CDF041D92743300DFBBAC /* GroupInfoUserStateCell.m */,
			);
			name = Cell;
			sourceTree = "<group>";
		};
		B44D0A101D2F4FBB00F76DFF /* me */ = {
			isa = PBXGroup;
			children = (
				B44D0A111D2F4FD400F76DFF /* ModiPwdController.h */,
				B44D0A121D2F4FD400F76DFF /* ModiPwdController.m */,
				B40C1AD31D33443700AFE71A /* UserInfoViewController.h */,
				B40C1AD41D33443700AFE71A /* UserInfoViewController.m */,
				B40C1AD61D33469400AFE71A /* UserInfoCell.xib */,
				B40C1ADA1D33478200AFE71A /* UserInfoCell1.h */,
				B40C1ADB1D33478200AFE71A /* UserInfoCell1.m */,
				B40C1ADD1D3348BF00AFE71A /* UserInfoCell2.xib */,
				B40C1ADF1D33715500AFE71A /* UserInfoCell2.h */,
				B40C1AE01D33715500AFE71A /* UserInfoCell2.m */,
			);
			name = me;
			sourceTree = "<group>";
		};
		B48B0F051D2E498000646A20 = {
			isa = PBXGroup;
			children = (
				B48B0F101D2E498100646A20 /* NTYJIOS */,
				B48B0F0F1D2E498000646A20 /* Products */,
				7B70264A1D957FFA00C04011 /* Frameworks */,
			);
			sourceTree = "<group>";
		};
		B48B0F0F1D2E498000646A20 /* Products */ = {
			isa = PBXGroup;
			children = (
				B48B0F0E1D2E498000646A20 /* NTYJIOS.app */,
			);
			name = Products;
			sourceTree = "<group>";
		};
		B48B0F101D2E498100646A20 /* NTYJIOS */ = {
			isa = PBXGroup;
			children = (
				7BB56DEF1D5F3A47002C80A3 /* db */,
				B40C1AFF1D33929B00AFE71A /* Httpserver */,
				B48B0F351D2E526D00646A20 /* lib */,
				B48B0F2F1D2E4E8900646A20 /* png */,
				B48B0F2D1D2E4B7F00646A20 /* Common */,
				B48B0F291D2E4ABB00646A20 /* view */,
				B48B0F281D2E498F00646A20 /* res */,
				B48B0F141D2E498100646A20 /* AppDelegate.h */,
				B48B0F151D2E498100646A20 /* AppDelegate.m */,
				B48B0F111D2E498100646A20 /* Supporting Files */,
			);
			path = NTYJIOS;
			sourceTree = "<group>";
		};
		B48B0F111D2E498100646A20 /* Supporting Files */ = {
			isa = PBXGroup;
			children = (
				B48B0F121D2E498100646A20 /* main.m */,
			);
			name = "Supporting Files";
			sourceTree = "<group>";
		};
		B48B0F281D2E498F00646A20 /* res */ = {
			isa = PBXGroup;
			children = (
				B48B0F221D2E498100646A20 /* Info.plist */,
				B48B0F1A1D2E498100646A20 /* Main.storyboard */,
				B48B0F1D1D2E498100646A20 /* Assets.xcassets */,
				B48B0F1F1D2E498100646A20 /* LaunchScreen.storyboard */,
			);
			name = res;
			sourceTree = "<group>";
		};
		B48B0F291D2E4ABB00646A20 /* view */ = {
			isa = PBXGroup;
			children = (
				7BAE28A51D996303008AF612 /* chatlist */,
				B42E582D1D7958EA005ADE1F /* Cell */,
				7B19691E1D6DEBED00108B4A /* Message */,
				7B318E1C1D63571B002A9B59 /* phonebook */,
				B44D0A101D2F4FBB00F76DFF /* me */,
				B48B0F2A1D2E4ADF00646A20 /* MainTabBarController.h */,
				B48B0F2B1D2E4ADF00646A20 /* MainTabBarController.m */,
				B48B0F321D2E51B300646A20 /* MeController.h */,
				B48B0F331D2E51B300646A20 /* MeController.m */,
				B40C1AF21D33837600AFE71A /* LoginViewController.h */,
				B40C1AF31D33837600AFE71A /* LoginViewController.m */,
				7BB56E0E1D5F5986002C80A3 /* ContactsController.h */,
				7BB56E0F1D5F5986002C80A3 /* ContactsController.m */,
				7BB56E111D5F5A1C002C80A3 /* PhoneBookController.h */,
				7BB56E121D5F5A1C002C80A3 /* PhoneBookController.m */,
				7B89D93C1D688B20000D712D /* MessageViewContoller.h */,
				7B89D93D1D688B20000D712D /* MessageViewContoller.m */,
				7B89D9491D69E3EB000D712D /* PublishViewController.h */,
				7B89D94A1D69E3EB000D712D /* PublishViewController.m */,
				B42E582A1D7952B0005ADE1F /* SelectListViewController.h */,
				B42E582B1D7952B0005ADE1F /* SelectListViewController.m */,
				7BDE1C4E1D842B39004F2CCB /* AppoverViewController.h */,
				7BDE1C4F1D842B39004F2CCB /* AppoverViewController.m */,
				7BDE1C511D843592004F2CCB /* JDDeltalViewController.h */,
				7BDE1C521D843592004F2CCB /* JDDeltalViewController.m */,
				7BA75AD31D8C3EDB00A2B1C8 /* ChatViewController.h */,
				7BA75AD41D8C3EDB00A2B1C8 /* ChatViewController.m */,
				B43A5A4A1D92257E00519400 /* GroupInfoViewController.h */,
				B43A5A4B1D92257E00519400 /* GroupInfoViewController.m */,
			);
			name = view;
			sourceTree = "<group>";
		};
		B48B0F2D1D2E4B7F00646A20 /* Common */ = {
			isa = PBXGroup;
			children = (
				7B4058171D3E70AA002A5068 /* MBProgressHUD.m */,
				7B4058181D3E70AA002A5068 /* MBProgressHUD.h */,
				B48B0F2E1D2E4B8E00646A20 /* Common.h */,
				B48B0F361D2E53D000646A20 /* UserInfo.h */,
				B48B0F371D2E53D000646A20 /* UserInfo.m */,
				B48B0F391D2E542E00646A20 /* ServerInfo.h */,
				B48B0F3A1D2E542E00646A20 /* ServerInfo.m */,
				B465FBCA1D780E0200AFE593 /* MediaRecord.h */,
				B465FBCB1D780E0200AFE593 /* MediaRecord.m */,
				7BA75ACC1D8AC3EF00A2B1C8 /* NotificationController.h */,
				7BA75ACD1D8AC3EF00A2B1C8 /* NotificationController.m */,
			);
			name = Common;
			sourceTree = "<group>";
		};
		B48B0F2F1D2E4E8900646A20 /* png */ = {
			isa = PBXGroup;
			children = (
				7BAE28AB1D9AA7B8008AF612 /* chat_right.png */,
				7BAE28AC1D9AA7B8008AF612 /* chat_left.png */,
				B45CDEFF1D92677E00DFBBAC /* no_s.png */,
				B45CDF001D92677E00DFBBAC /* ok_s.png */,
				B43A5A481D9223EC00519400 /* groups_white.png */,
				7BA75AD11D8C3EC500A2B1C8 /* t5.png */,
				7BA75ACF1D8C390400A2B1C8 /* t7.png */,
				7BF73D6E1D86EA0F0089B050 /* sp_no.png */,
				7BF73D6F1D86EA0F0089B050 /* sp_ok.png */,
				B457EC421D7D51E60048E992 /* nick1.png */,
				B42E58301D795AE1005ADE1F /* checkbox_select.png */,
				B42E58311D795AE1005ADE1F /* checkbox.png */,
				7BF75B8B1D7723FD00CB03A2 /* shenpiren.png */,
				7BF75B891D77238800CB03A2 /* sendmubiao.png */,
				7BF75B821D771BE700CB03A2 /* pause.png */,
				7BF75B801D771BAC00CB03A2 /* stop.png */,
				7BF75B7E1D771B8700CB03A2 /* play.png */,
				7BF75B791D771A4000CB03A2 /* record_start.png */,
				7BF75B771D7718C900CB03A2 /* record.png */,
				7BF75B731D75C73D00CB03A2 /* aay.png */,
				7B1969241D6DECA500108B4A /* notice.png */,
				7B89D9471D68961D000D712D /* historyjd.png */,
				7B89D9451D68960D000D712D /* publishjd.png */,
				7BB56DED1D5F2E3A002C80A3 /* default_avatar.png */,
				7BF398131D5CC1DE004CDFE8 /* splash.jpg */,
				B40C1AEE1D33807000AFE71A /* pwd_icon.png */,
				B40C1AEF1D33807000AFE71A /* user_icon.png */,
				B40C1AEC1D337DF900AFE71A /* logo.png */,
				B40C1AEA1D337A4A00AFE71A /* userinfo_6.png */,
				B40C1AE81D337A3700AFE71A /* userinfo_5.png */,
				B40C1AE61D337A1B00AFE71A /* userinfo_4.png */,
				B40C1AE41D3379ED00AFE71A /* userinfo_3.png */,
				B40C1AE21D3379C600AFE71A /* userinfo_2.png */,
				B40C1AD81D33471B00AFE71A /* userinfo_1.png */,
				B44D0A0E1D2F4BBE00F76DFF /* setting5.png */,
				B44D0A0C1D2F4B9C00F76DFF /* setting4.png */,
				B44D0A0A1D2F4B7200F76DFF /* setting3.png */,
				B44D0A081D2F4B4F00F76DFF /* setting2.png */,
				B44D0A061D2F4AA900F76DFF /* setting1.png */,
				B48B0F301D2E4E8F00646A20 /* profile_bg.png */,
			);
			name = png;
			sourceTree = "<group>";
		};
		B48B0F351D2E526D00646A20 /* lib */ = {
			isa = PBXGroup;
			children = (
				7B7026391D957E8E00C04011 /* baidu */,
				7B89D9411D689514000D712D /* PopMenu */,
				7B35E6931D66063600E81267 /* MQTT */,
				B40C1AF71D338F3500AFE71A /* libHttpHead */,
				B40C1AF51D338F2A00AFE71A /* libHttpLib.a */,
				B44D0A001D2F420800F76DFF /* Common.framework */,
			);
			name = lib;
			sourceTree = "<group>";
		};
/* End PBXGroup section */

/* Begin PBXNativeTarget section */
		B48B0F0D1D2E498000646A20 /* NTYJIOS */ = {
			isa = PBXNativeTarget;
			buildConfigurationList = B48B0F251D2E498100646A20 /* Build configuration list for PBXNativeTarget "NTYJIOS" */;
			buildPhases = (
				B48B0F0A1D2E498000646A20 /* Sources */,
				B48B0F0B1D2E498000646A20 /* Frameworks */,
				B48B0F0C1D2E498000646A20 /* Resources */,
				B44D0A021D2F420F00F76DFF /* CopyFiles */,
			);
			buildRules = (
			);
			dependencies = (
			);
			name = NTYJIOS;
			productName = NTYJIOS;
			productReference = B48B0F0E1D2E498000646A20 /* NTYJIOS.app */;
			productType = "com.apple.product-type.application";
		};
/* End PBXNativeTarget section */

/* Begin PBXProject section */
		B48B0F061D2E498000646A20 /* Project object */ = {
			isa = PBXProject;
			attributes = {
				LastUpgradeCheck = 0730;
				ORGANIZATIONNAME = Suypower;
				TargetAttributes = {
					B48B0F0D1D2E498000646A20 = {
						CreatedOnToolsVersion = 7.3.1;
						DevelopmentTeam = RK2BTW6E76;
						SystemCapabilities = {
							com.apple.Push = {
								enabled = 0;
							};
						};
					};
				};
			};
			buildConfigurationList = B48B0F091D2E498000646A20 /* Build configuration list for PBXProject "NTYJIOS" */;
			compatibilityVersion = "Xcode 3.2";
			developmentRegion = English;
			hasScannedForEncodings = 0;
			knownRegions = (
				en,
				Base,
			);
			mainGroup = B48B0F051D2E498000646A20;
			productRefGroup = B48B0F0F1D2E498000646A20 /* Products */;
			projectDirPath = "";
			projectRoot = "";
			targets = (
				B48B0F0D1D2E498000646A20 /* NTYJIOS */,
			);
		};
/* End PBXProject section */

/* Begin PBXResourcesBuildPhase section */
		B48B0F0C1D2E498000646A20 /* Resources */ = {
			isa = PBXResourcesBuildPhase;
			buildActionMask = 2147483647;
			files = (
				7B7026491D957F2600C04011 /* mapapi.bundle in Resources */,
				7BF73D711D86EA0F0089B050 /* sp_ok.png in Resources */,
				7BAE28AE1D9AA7B8008AF612 /* chat_left.png in Resources */,
				B45CDF021D92677E00DFBBAC /* ok_s.png in Resources */,
				B40C1AE31D3379C600AFE71A /* userinfo_2.png in Resources */,
				7BF75B741D75C73D00CB03A2 /* aay.png in Resources */,
				B457EC431D7D51E60048E992 /* nick1.png in Resources */,
				7BF75B811D771BAC00CB03A2 /* stop.png in Resources */,
				7BA75AD01D8C390400A2B1C8 /* t7.png in Resources */,
				B44D0A071D2F4AA900F76DFF /* setting1.png in Resources */,
				7BF75B8A1D77238800CB03A2 /* sendmubiao.png in Resources */,
				7B1969251D6DECA500108B4A /* notice.png in Resources */,
				B40C1AED1D337DF900AFE71A /* logo.png in Resources */,
				7BA75AD21D8C3EC500A2B1C8 /* t5.png in Resources */,
				7B1969201D6DEC0000108B4A /* MessageCell.xib in Resources */,
				B44D0A0D1D2F4B9C00F76DFF /* setting4.png in Resources */,
				B48B0F211D2E498100646A20 /* LaunchScreen.storyboard in Resources */,
				B42E58321D795AE1005ADE1F /* checkbox_select.png in Resources */,
				7BF75B851D771C3700CB03A2 /* publishcell.xib in Resources */,
				B40C1AF01D33807000AFE71A /* pwd_icon.png in Resources */,
				7BF75B8C1D7723FD00CB03A2 /* shenpiren.png in Resources */,
				7B89D9481D68961D000D712D /* historyjd.png in Resources */,
				7BF75B781D7718C900CB03A2 /* record.png in Resources */,
				B40C1AE91D337A3700AFE71A /* userinfo_5.png in Resources */,
				B40C1ADE1D3348BF00AFE71A /* UserInfoCell2.xib in Resources */,
				7BF73D701D86EA0F0089B050 /* sp_no.png in Resources */,
				7BF75B831D771BE700CB03A2 /* pause.png in Resources */,
				B40C1AE71D337A1B00AFE71A /* userinfo_4.png in Resources */,
				B40C1AEB1D337A4A00AFE71A /* userinfo_6.png in Resources */,
				B48B0F1E1D2E498100646A20 /* Assets.xcassets in Resources */,
				7BAE28A71D996328008AF612 /* chatleft_text_cell.xib in Resources */,
				B44D0A091D2F4B4F00F76DFF /* setting2.png in Resources */,
				7BF75B7F1D771B8700CB03A2 /* play.png in Resources */,
				B48B0F311D2E4E8F00646A20 /* profile_bg.png in Resources */,
				7B89D9461D68960D000D712D /* publishjd.png in Resources */,
				B40C1AE51D3379ED00AFE71A /* userinfo_3.png in Resources */,
				B44D0A0F1D2F4BBE00F76DFF /* setting5.png in Resources */,
				B42E582F1D795934005ADE1F /* selectlistcell.xib in Resources */,
				B45CDEFE1D92674000DFBBAC /* userstatecell.xib in Resources */,
				7BF398141D5CC1DE004CDFE8 /* splash.jpg in Resources */,
				B42E58331D795AE1005ADE1F /* checkbox.png in Resources */,
				7BF75B7A1D771A4000CB03A2 /* record_start.png in Resources */,
				B44D0A0B1D2F4B7200F76DFF /* setting3.png in Resources */,
				B457EC451D7D545E0048E992 /* selectlistcell2.xib in Resources */,
				7B318E1E1D63573A002A9B59 /* phonebookcell.xib in Resources */,
				7B40251E1DABC75A00403B0A /* chat_right_text_cell.xib in Resources */,
				B45CDF011D92677E00DFBBAC /* no_s.png in Resources */,
				B40C1AD71D33469400AFE71A /* UserInfoCell.xib in Resources */,
				B43A5A491D9223EC00519400 /* groups_white.png in Resources */,
				B40C1AD91D33471B00AFE71A /* userinfo_1.png in Resources */,
				B48B0F1C1D2E498100646A20 /* Main.storyboard in Resources */,
				7BB56DEE1D5F2E3B002C80A3 /* default_avatar.png in Resources */,
				7BF75B761D77188800CB03A2 /* publishrecordcell.xib in Resources */,
				B40C1AF11D33807000AFE71A /* user_icon.png in Resources */,
				7BAE28AD1D9AA7B8008AF612 /* chat_right.png in Resources */,
			);
			runOnlyForDeploymentPostprocessing = 0;
		};
/* End PBXResourcesBuildPhase section */

/* Begin PBXSourcesBuildPhase section */
		B48B0F0A1D2E498000646A20 /* Sources */ = {
			isa = PBXSourcesBuildPhase;
			buildActionMask = 2147483647;
			files = (
				7BDE1C501D842B39004F2CCB /* AppoverViewController.m in Sources */,
				B465FBCC1D780E0200AFE593 /* MediaRecord.m in Sources */,
				7BB56E131D5F5A1C002C80A3 /* PhoneBookController.m in Sources */,
				B48B0F161D2E498100646A20 /* AppDelegate.m in Sources */,
				B45CDF051D92743300DFBBAC /* GroupInfoUserStateCell.m in Sources */,
				B40C1ADC1D33478200AFE71A /* UserInfoCell1.m in Sources */,
				7BB56E101D5F5986002C80A3 /* ContactsController.m in Sources */,
				B48B0F131D2E498100646A20 /* main.m in Sources */,
				7BB56DF21D5F3A5B002C80A3 /* db.xcdatamodeld in Sources */,
				7BB56E071D5F3D6A002C80A3 /* Department.m in Sources */,
				B48B0F2C1D2E4ADF00646A20 /* MainTabBarController.m in Sources */,
				7BDE1C531D843592004F2CCB /* JDDeltalViewController.m in Sources */,
				7BF75B7D1D771AA700CB03A2 /* PublishRecordCell.m in Sources */,
				7B4025261DABD2F800403B0A /* ChatLog+CoreDataClass.m in Sources */,
				7B89D94B1D69E3EB000D712D /* PublishViewController.m in Sources */,
				B48B0F381D2E53D000646A20 /* UserInfo.m in Sources */,
				B48B0F3B1D2E542E00646A20 /* ServerInfo.m in Sources */,
				B40C1AD51D33443700AFE71A /* UserInfoViewController.m in Sources */,
				7B4025211DABC77A00403B0A /* ChatTextRightCell.m in Sources */,
				B44D0A131D2F4FD400F76DFF /* ModiPwdController.m in Sources */,
				B48B0F341D2E51B300646A20 /* MeController.m in Sources */,
				7B4058191D3E70AA002A5068 /* MBProgressHUD.m in Sources */,
				7B1969231D6DEC1700108B4A /* MessageCell.m in Sources */,
				B40C1AF41D33837600AFE71A /* LoginViewController.m in Sources */,
				7B19691D1D6B406400108B4A /* DDInfo.m in Sources */,
				7BAE28AA1D9965B5008AF612 /* ChatTextLeftCell.m in Sources */,
				B43A5A4C1D92257E00519400 /* GroupInfoViewController.m in Sources */,
				7BF75B881D771D4B00CB03A2 /* PublishCell.m in Sources */,
				7B89D93B1D676FB5000D712D /* MQTTServer.m in Sources */,
				B42E582C1D7952B0005ADE1F /* SelectListViewController.m in Sources */,
				7B318E211D6357D0002A9B59 /* PhoneBookCell.m in Sources */,
				7BA75AD51D8C3EDB00A2B1C8 /* ChatViewController.m in Sources */,
				B42E58361D795BFC005ADE1F /* SelectListCell.m in Sources */,
				7BB56E0D1D5F45F4002C80A3 /* Contacts.m in Sources */,
				B457EC481D7D55CB0048E992 /* SelectListCell2.m in Sources */,
				7B89D9441D68951C000D712D /* FTPopOverMenu.m in Sources */,
				7BA75ACE1D8AC3EF00A2B1C8 /* NotificationController.m in Sources */,
				B40C1B021D3392BA00AFE71A /* HttpServer.m in Sources */,
				B40C1AE11D33715500AFE71A /* UserInfoCell2.m in Sources */,
				7BB56DF51D5F3A90002C80A3 /* DBmanger.m in Sources */,
				7B89D93E1D688B20000D712D /* MessageViewContoller.m in Sources */,
			);
			runOnlyForDeploymentPostprocessing = 0;
		};
/* End PBXSourcesBuildPhase section */

/* Begin PBXVariantGroup section */
		B48B0F1A1D2E498100646A20 /* Main.storyboard */ = {
			isa = PBXVariantGroup;
			children = (
				B48B0F1B1D2E498100646A20 /* Base */,
			);
			name = Main.storyboard;
			sourceTree = "<group>";
		};
		B48B0F1F1D2E498100646A20 /* LaunchScreen.storyboard */ = {
			isa = PBXVariantGroup;
			children = (
				B48B0F201D2E498100646A20 /* Base */,
			);
			name = LaunchScreen.storyboard;
			sourceTree = "<group>";
		};
/* End PBXVariantGroup section */

/* Begin XCBuildConfiguration section */
		B48B0F231D2E498100646A20 /* Debug */ = {
			isa = XCBuildConfiguration;
			buildSettings = {
				ALWAYS_SEARCH_USER_PATHS = NO;
				CLANG_ANALYZER_NONNULL = YES;
				CLANG_CXX_LANGUAGE_STANDARD = "gnu++0x";
				CLANG_CXX_LIBRARY = "libc++";
				CLANG_ENABLE_MODULES = YES;
				CLANG_ENABLE_OBJC_ARC = YES;
				CLANG_WARN_BOOL_CONVERSION = YES;
				CLANG_WARN_CONSTANT_CONVERSION = YES;
				CLANG_WARN_DIRECT_OBJC_ISA_USAGE = YES_ERROR;
				CLANG_WARN_EMPTY_BODY = YES;
				CLANG_WARN_ENUM_CONVERSION = YES;
				CLANG_WARN_INT_CONVERSION = YES;
				CLANG_WARN_OBJC_ROOT_CLASS = YES_ERROR;
				CLANG_WARN_UNREACHABLE_CODE = YES;
				CLANG_WARN__DUPLICATE_METHOD_MATCH = YES;
				"CODE_SIGN_IDENTITY[sdk=iphoneos*]" = "iPhone Developer";
				COPY_PHASE_STRIP = NO;
				DEBUG_INFORMATION_FORMAT = dwarf;
				ENABLE_STRICT_OBJC_MSGSEND = YES;
				ENABLE_TESTABILITY = YES;
				GCC_C_LANGUAGE_STANDARD = gnu99;
				GCC_DYNAMIC_NO_PIC = NO;
				GCC_NO_COMMON_BLOCKS = YES;
				GCC_OPTIMIZATION_LEVEL = 0;
				GCC_PREPROCESSOR_DEFINITIONS = (
					"DEBUG=1",
					"$(inherited)",
				);
				GCC_WARN_64_TO_32_BIT_CONVERSION = YES;
				GCC_WARN_ABOUT_RETURN_TYPE = YES_ERROR;
				GCC_WARN_UNDECLARED_SELECTOR = YES;
				GCC_WARN_UNINITIALIZED_AUTOS = YES_AGGRESSIVE;
				GCC_WARN_UNUSED_FUNCTION = YES;
				GCC_WARN_UNUSED_VARIABLE = YES;
				IPHONEOS_DEPLOYMENT_TARGET = 9.3;
				MTL_ENABLE_DEBUG_INFO = YES;
				ONLY_ACTIVE_ARCH = YES;
				SDKROOT = iphoneos;
			};
			name = Debug;
		};
		B48B0F241D2E498100646A20 /* Release */ = {
			isa = XCBuildConfiguration;
			buildSettings = {
				ALWAYS_SEARCH_USER_PATHS = NO;
				CLANG_ANALYZER_NONNULL = YES;
				CLANG_CXX_LANGUAGE_STANDARD = "gnu++0x";
				CLANG_CXX_LIBRARY = "libc++";
				CLANG_ENABLE_MODULES = YES;
				CLANG_ENABLE_OBJC_ARC = YES;
				CLANG_WARN_BOOL_CONVERSION = YES;
				CLANG_WARN_CONSTANT_CONVERSION = YES;
				CLANG_WARN_DIRECT_OBJC_ISA_USAGE = YES_ERROR;
				CLANG_WARN_EMPTY_BODY = YES;
				CLANG_WARN_ENUM_CONVERSION = YES;
				CLANG_WARN_INT_CONVERSION = YES;
				CLANG_WARN_OBJC_ROOT_CLASS = YES_ERROR;
				CLANG_WARN_UNREACHABLE_CODE = YES;
				CLANG_WARN__DUPLICATE_METHOD_MATCH = YES;
				"CODE_SIGN_IDENTITY[sdk=iphoneos*]" = "iPhone Developer";
				COPY_PHASE_STRIP = NO;
				DEBUG_INFORMATION_FORMAT = "dwarf-with-dsym";
				ENABLE_NS_ASSERTIONS = NO;
				ENABLE_STRICT_OBJC_MSGSEND = YES;
				GCC_C_LANGUAGE_STANDARD = gnu99;
				GCC_NO_COMMON_BLOCKS = YES;
				GCC_WARN_64_TO_32_BIT_CONVERSION = YES;
				GCC_WARN_ABOUT_RETURN_TYPE = YES_ERROR;
				GCC_WARN_UNDECLARED_SELECTOR = YES;
				GCC_WARN_UNINITIALIZED_AUTOS = YES_AGGRESSIVE;
				GCC_WARN_UNUSED_FUNCTION = YES;
				GCC_WARN_UNUSED_VARIABLE = YES;
				IPHONEOS_DEPLOYMENT_TARGET = 9.3;
				MTL_ENABLE_DEBUG_INFO = NO;
				SDKROOT = iphoneos;
				VALIDATE_PRODUCT = YES;
			};
			name = Release;
		};
		B48B0F261D2E498100646A20 /* Debug */ = {
			isa = XCBuildConfiguration;
			buildSettings = {
				ASSETCATALOG_COMPILER_APPICON_NAME = AppIcon;
				CODE_SIGN_IDENTITY = "iPhone Developer";
				ENABLE_BITCODE = NO;
				FRAMEWORK_SEARCH_PATHS = (
					"$(inherited)",
					"$(PROJECT_DIR)/NTYJIOS",
				);
				INFOPLIST_FILE = NTYJIOS/Info.plist;
				IPHONEOS_DEPLOYMENT_TARGET = 8.2;
				LD_RUNPATH_SEARCH_PATHS = "$(inherited) @executable_path/Frameworks";
				LIBRARY_SEARCH_PATHS = (
					"$(inherited)",
					"$(PROJECT_DIR)/NTYJIOS",
				);
				OTHER_LDFLAGS = "-ObjC";
				PRODUCT_BUNDLE_IDENTIFIER = com.Supower.NTYJIOS;
				PRODUCT_NAME = "$(TARGET_NAME)";
			};
			name = Debug;
		};
		B48B0F271D2E498100646A20 /* Release */ = {
			isa = XCBuildConfiguration;
			buildSettings = {
				ASSETCATALOG_COMPILER_APPICON_NAME = AppIcon;
				CODE_SIGN_IDENTITY = "iPhone Developer";
				ENABLE_BITCODE = NO;
				FRAMEWORK_SEARCH_PATHS = (
					"$(inherited)",
					"$(PROJECT_DIR)/NTYJIOS",
				);
				INFOPLIST_FILE = NTYJIOS/Info.plist;
				IPHONEOS_DEPLOYMENT_TARGET = 8.2;
				LD_RUNPATH_SEARCH_PATHS = "$(inherited) @executable_path/Frameworks";
				LIBRARY_SEARCH_PATHS = (
					"$(inherited)",
					"$(PROJECT_DIR)/NTYJIOS",
				);
				OTHER_LDFLAGS = "-ObjC";
				PRODUCT_BUNDLE_IDENTIFIER = com.Supower.NTYJIOS;
				PRODUCT_NAME = "$(TARGET_NAME)";
			};
			name = Release;
		};
/* End XCBuildConfiguration section */

/* Begin XCConfigurationList section */
		B48B0F091D2E498000646A20 /* Build configuration list for PBXProject "NTYJIOS" */ = {
			isa = XCConfigurationList;
			buildConfigurations = (
				B48B0F231D2E498100646A20 /* Debug */,
				B48B0F241D2E498100646A20 /* Release */,
			);
			defaultConfigurationIsVisible = 0;
			defaultConfigurationName = Release;
		};
		B48B0F251D2E498100646A20 /* Build configuration list for PBXNativeTarget "NTYJIOS" */ = {
			isa = XCConfigurationList;
			buildConfigurations = (
				B48B0F261D2E498100646A20 /* Debug */,
				B48B0F271D2E498100646A20 /* Release */,
			);
			defaultConfigurationIsVisible = 0;
			defaultConfigurationName = Release;
		};
/* End XCConfigurationList section */

/* Begin XCVersionGroup section */
		7BB56DF01D5F3A5B002C80A3 /* db.xcdatamodeld */ = {
			isa = XCVersionGroup;
			children = (
				7BB56DF11D5F3A5B002C80A3 /* db.xcdatamodel */,
			);
			currentVersion = 7BB56DF11D5F3A5B002C80A3 /* db.xcdatamodel */;
			path = db.xcdatamodeld;
			sourceTree = "<group>";
			versionGroupType = wrapper.xcdatamodel;
		};
/* End XCVersionGroup section */
	};
	rootObject = B48B0F061D2E498000646A20 /* Project object */;
}
